# This file is automatically @generated by Cargo.
# It is not intended for manual editing.
version = 3

[[package]]
name = "CoreFoundation-sys"
version = "0.1.4"
source = "registry+https://github.com/rust-lang/crates.io-index"
checksum = "d0e9889e6db118d49d88d84728d0e964d973a5680befb5f85f55141beea5c20b"
dependencies = [
 "libc",
 "mach",
]

[[package]]
name = "IOKit-sys"
version = "0.1.5"
source = "registry+https://github.com/rust-lang/crates.io-index"
checksum = "99696c398cbaf669d2368076bdb3d627fb0ce51a26899d7c61228c5c0af3bf4a"
dependencies = [
 "CoreFoundation-sys",
 "libc",
 "mach",
]

[[package]]
name = "addr2line"
version = "0.20.0"
source = "registry+https://github.com/rust-lang/crates.io-index"
checksum = "f4fa78e18c64fce05e902adecd7a5eed15a5e0a3439f7b0e169f0252214865e3"
dependencies = [
 "gimli",
]

[[package]]
name = "adler"
version = "1.0.2"
source = "registry+https://github.com/rust-lang/crates.io-index"
checksum = "f26201604c87b1e01bd3d98f8d5d9a8fcbb815e8cedb41ffccbeb4bf593a35fe"

[[package]]
name = "aho-corasick"
version = "1.0.2"
source = "registry+https://github.com/rust-lang/crates.io-index"
checksum = "43f6cb1bf222025340178f382c426f13757b2960e89779dfcb319c32542a5a41"
dependencies = [
 "memchr",
]

[[package]]
name = "autocfg"
version = "1.1.0"
source = "registry+https://github.com/rust-lang/crates.io-index"
checksum = "d468802bab17cbc0cc575e9b053f41e72aa36bfa6b7f55e3529ffa43161b97fa"

[[package]]
name = "backtrace"
version = "0.3.68"
source = "registry+https://github.com/rust-lang/crates.io-index"
checksum = "4319208da049c43661739c5fade2ba182f09d1dc2299b32298d3a31692b17e12"
dependencies = [
 "addr2line",
 "cc",
 "cfg-if",
 "libc",
 "miniz_oxide",
 "object",
 "rustc-demangle",
]

[[package]]
name = "bitflags"
version = "1.3.2"
source = "registry+https://github.com/rust-lang/crates.io-index"
checksum = "bef38d45163c2f1dde094a7dfd33ccf595c92905c8f8f4fdc18d06fb1037718a"

[[package]]
name = "bitflags"
version = "2.0.2"
source = "registry+https://github.com/rust-lang/crates.io-index"
checksum = "487f1e0fcbe47deb8b0574e646def1c903389d95241dd1bbcc6ce4a715dfc0c1"

[[package]]
name = "byte-slice-cast"
version = "0.3.5"
source = "registry+https://github.com/rust-lang/crates.io-index"
checksum = "b0a5e3906bcbf133e33c1d4d95afc664ad37fbdb9f6568d8043e7ea8c27d93d3"

[[package]]
name = "byteorder"
version = "1.4.3"
source = "registry+https://github.com/rust-lang/crates.io-index"
checksum = "14c189c53d098945499cdfa7ecc63567cf3886b3332b312a5b4585d8d3a6a610"

[[package]]
name = "bytes"
version = "1.4.0"
source = "registry+https://github.com/rust-lang/crates.io-index"
checksum = "89b2fd2a0dcf38d7971e2194b6b6eebab45ae01067456a7fd93d5547a61b70be"

[[package]]
name = "cast"
version = "0.3.0"
source = "registry+https://github.com/rust-lang/crates.io-index"
checksum = "37b2a672a2cb129a2e41c10b1224bb368f9f37a2b16b612598138befd7b37eb5"

[[package]]
name = "cc"
version = "1.0.79"
source = "registry+https://github.com/rust-lang/crates.io-index"
checksum = "50d30906286121d95be3d479533b458f87493b30a4b5f79a607db8f5d11aa91f"

[[package]]
name = "cfg-if"
version = "1.0.0"
source = "registry+https://github.com/rust-lang/crates.io-index"
checksum = "baf1de4339761588bc0619e3cbc0120ee582ebb74b53b4efbf79117bd2da40fd"

[[package]]
name = "ctrlc"
version = "3.4.0"
source = "registry+https://github.com/rust-lang/crates.io-index"
checksum = "2a011bbe2c35ce9c1f143b7af6f94f29a167beb4cd1d29e6740ce836f723120e"
dependencies = [
 "nix 0.26.2",
 "windows-sys",
]

[[package]]
name = "display-interface"
version = "0.4.1"
source = "registry+https://github.com/rust-lang/crates.io-index"
checksum = "7517c040926d7b02b111884aa089177db80878533127f7c1b480d852c5fb4112"

[[package]]
name = "display-interface-i2c"
version = "0.4.0"
source = "registry+https://github.com/rust-lang/crates.io-index"
checksum = "4895cd4e54e5536ef370d7f1eec787aad8275dd8ad15815aebfa71dd847b4ebf"
dependencies = [
 "display-interface",
 "embedded-hal",
]

[[package]]
name = "display-interface-spi"
version = "0.4.1"
source = "registry+https://github.com/rust-lang/crates.io-index"
checksum = "489378ad054862146fbd1f09f51d585ccbe4bd1e2feadcda2a13ac33f840e1a5"
dependencies = [
 "byte-slice-cast",
 "display-interface",
 "embedded-hal",
]

[[package]]
name = "embedded-graphics"
version = "0.6.2"
source = "registry+https://github.com/rust-lang/crates.io-index"
checksum = "40a69991ceb896bd4810a0cf2bcc46fc94b7860573c71f965d8e5b3d66942fed"
dependencies = [
 "byteorder",
]

[[package]]
name = "embedded-hal"
version = "0.2.7"
source = "registry+https://github.com/rust-lang/crates.io-index"
checksum = "35949884794ad573cf46071e41c9b60efb0cb311e3ca01f7af807af1debc66ff"
dependencies = [
 "nb 0.1.3",
 "void",
]

[[package]]
name = "fnv"
version = "1.0.7"
source = "registry+https://github.com/rust-lang/crates.io-index"
checksum = "3f9eec918d3f24069decb9af1554cad7c880e2da24a9afd88aca000531ab82c1"

[[package]]
name = "futures"
version = "0.3.28"
source = "registry+https://github.com/rust-lang/crates.io-index"
checksum = "23342abe12aba583913b2e62f22225ff9c950774065e4bfb61a19cd9770fec40"
dependencies = [
 "futures-channel",
 "futures-core",
 "futures-executor",
 "futures-io",
 "futures-sink",
 "futures-task",
 "futures-util",
]

[[package]]
name = "futures-channel"
version = "0.3.28"
source = "registry+https://github.com/rust-lang/crates.io-index"
checksum = "955518d47e09b25bbebc7a18df10b81f0c766eaf4c4f1cccef2fca5f2a4fb5f2"
dependencies = [
 "futures-core",
 "futures-sink",
]

[[package]]
name = "futures-core"
version = "0.3.28"
source = "registry+https://github.com/rust-lang/crates.io-index"
checksum = "4bca583b7e26f571124fe5b7561d49cb2868d79116cfa0eefce955557c6fee8c"

[[package]]
name = "futures-executor"
version = "0.3.28"
source = "registry+https://github.com/rust-lang/crates.io-index"
checksum = "ccecee823288125bd88b4d7f565c9e58e41858e47ab72e8ea2d64e93624386e0"
dependencies = [
 "futures-core",
 "futures-task",
 "futures-util",
]

[[package]]
name = "futures-io"
version = "0.3.28"
source = "registry+https://github.com/rust-lang/crates.io-index"
checksum = "4fff74096e71ed47f8e023204cfd0aa1289cd54ae5430a9523be060cdb849964"

[[package]]
name = "futures-macro"
version = "0.3.28"
source = "registry+https://github.com/rust-lang/crates.io-index"
checksum = "89ca545a94061b6365f2c7355b4b32bd20df3ff95f02da9329b34ccc3bd6ee72"
dependencies = [
 "proc-macro2",
 "quote",
 "syn",
]

[[package]]
name = "futures-sink"
version = "0.3.28"
source = "registry+https://github.com/rust-lang/crates.io-index"
checksum = "f43be4fe21a13b9781a69afa4985b0f6ee0e1afab2c6f454a8cf30e2b2237b6e"

[[package]]
name = "futures-task"
version = "0.3.28"
source = "registry+https://github.com/rust-lang/crates.io-index"
checksum = "76d3d132be6c0e6aa1534069c705a74a5997a356c0dc2f86a47765e5617c5b65"

[[package]]
name = "futures-util"
version = "0.3.28"
source = "registry+https://github.com/rust-lang/crates.io-index"
checksum = "26b01e40b772d54cf6c6d721c1d1abd0647a0106a12ecaa1c186273392a69533"
dependencies = [
 "futures-channel",
 "futures-core",
 "futures-io",
 "futures-macro",
 "futures-sink",
 "futures-task",
 "memchr",
 "pin-project-lite",
 "pin-utils",
 "slab",
]

[[package]]
name = "generic-array"
version = "0.14.7"
source = "registry+https://github.com/rust-lang/crates.io-index"
checksum = "85649ca51fd72272d7821adaf274ad91c288277713d9c18820d8499a7ff69e9a"
dependencies = [
 "typenum",
 "version_check",
]

[[package]]
name = "gimli"
version = "0.27.3"
source = "registry+https://github.com/rust-lang/crates.io-index"
checksum = "b6c80984affa11d98d1b88b66ac8853f143217b399d3c74116778ff8fdb4ed2e"

[[package]]
name = "gpio-cdev"
version = "0.5.1"
source = "registry+https://github.com/rust-lang/crates.io-index"
checksum = "409296415b8abc7b47e5b77096faae14595c53724972da227434fc8f4b05ec8b"
dependencies = [
 "bitflags 1.3.2",
 "libc",
 "nix 0.23.2",
]

[[package]]
name = "hermit-abi"
version = "0.3.2"
source = "registry+https://github.com/rust-lang/crates.io-index"
checksum = "443144c8cdadd93ebf52ddb4056d257f5b52c04d3c804e657d19eb73fc33668b"

[[package]]
name = "http"
version = "0.2.9"
source = "registry+https://github.com/rust-lang/crates.io-index"
checksum = "bd6effc99afb63425aff9b05836f029929e345a6148a14b7ecd5ab67af944482"
dependencies = [
 "bytes",
 "fnv",
 "itoa",
]

[[package]]
name = "http-body"
version = "0.4.5"
source = "registry+https://github.com/rust-lang/crates.io-index"
checksum = "d5f38f16d184e36f2408a55281cd658ecbd3ca05cce6d6510a176eca393e26d1"
dependencies = [
 "bytes",
 "http",
 "pin-project-lite",
]

[[package]]
name = "httparse"
version = "1.8.0"
source = "registry+https://github.com/rust-lang/crates.io-index"
checksum = "d897f394bad6a705d5f4104762e116a75639e470d80901eed05a860a95cb1904"

[[package]]
name = "httpdate"
version = "1.0.2"
source = "registry+https://github.com/rust-lang/crates.io-index"
checksum = "c4a1e36c821dbe04574f602848a19f742f4fb3c98d40449f11bcad18d6b17421"

[[package]]
name = "hyper"
version = "0.14.27"
source = "registry+https://github.com/rust-lang/crates.io-index"
checksum = "ffb1cfd654a8219eaef89881fdb3bb3b1cdc5fa75ded05d6933b2b382e395468"
dependencies = [
 "bytes",
 "futures-channel",
 "futures-core",
 "futures-util",
 "http",
 "http-body",
 "httparse",
 "httpdate",
 "itoa",
 "pin-project-lite",
 "socket2",
 "tokio",
 "tower-service",
 "tracing",
 "want",
]

[[package]]
name = "i2cdev"
version = "0.5.1"
source = "registry+https://github.com/rust-lang/crates.io-index"
checksum = "b8fe61341e9ce588ede54fd131bf0df63eed3c6e45fcc7fa0e548ea176f39358"
dependencies = [
 "bitflags 1.3.2",
 "byteorder",
 "libc",
 "nix 0.23.2",
]

[[package]]
name = "ioctl-rs"
version = "0.1.6"
source = "registry+https://github.com/rust-lang/crates.io-index"
checksum = "f7970510895cee30b3e9128319f2cefd4bde883a39f38baa279567ba3a7eb97d"
dependencies = [
 "libc",
]

[[package]]
name = "itoa"
version = "1.0.9"
source = "registry+https://github.com/rust-lang/crates.io-index"
checksum = "af150ab688ff2122fcef229be89cb50dd66af9e01a4ff320cc137eecc9bacc38"

[[package]]
name = "lazy_static"
version = "1.4.0"
source = "registry+https://github.com/rust-lang/crates.io-index"
checksum = "e2abad23fbc42b3700f2f279844dc832adb2b2eb069b2df918f455c4e18cc646"

[[package]]
name = "libc"
version = "0.2.147"
source = "registry+https://github.com/rust-lang/crates.io-index"
checksum = "b4668fb0ea861c1df094127ac5f1da3409a82116a4ba74fca2e58ef927159bb3"

[[package]]
name = "linux-embedded-hal"
version = "0.3.2"
source = "registry+https://github.com/rust-lang/crates.io-index"
checksum = "61861762ac50cb746e6137f1aeb2ca9812e1b1f2b923cfc83550befdc0b9915d"
dependencies = [
 "cast",
 "embedded-hal",
 "gpio-cdev",
 "i2cdev",
 "nb 0.1.3",
 "serial-core",
 "serial-unix",
 "spidev",
 "sysfs_gpio",
 "void",
]

[[package]]
name = "lock_api"
version = "0.4.10"
source = "registry+https://github.com/rust-lang/crates.io-index"
checksum = "c1cc9717a20b1bb222f333e6a92fd32f7d8a18ddc5a3191a11af45dcbf4dcd16"
dependencies = [
 "autocfg",
 "scopeguard",
]

[[package]]
name = "log"
version = "0.4.19"
source = "registry+https://github.com/rust-lang/crates.io-index"
checksum = "b06a4cde4c0f271a446782e3eff8de789548ce57dbc8eca9292c27f4a42004b4"

[[package]]
name = "mach"
version = "0.1.2"
source = "registry+https://github.com/rust-lang/crates.io-index"
checksum = "2fd13ee2dd61cc82833ba05ade5a30bb3d63f7ced605ef827063c63078302de9"
dependencies = [
 "libc",
]

[[package]]
name = "mach2"
version = "0.4.1"
source = "registry+https://github.com/rust-lang/crates.io-index"
checksum = "6d0d1830bcd151a6fc4aea1369af235b36c1528fe976b8ff678683c9995eade8"
dependencies = [
 "libc",
]

[[package]]
name = "marax-shot-timer"
version = "0.1.0"
dependencies = [
 "bytes",
 "ctrlc",
 "embedded-graphics",
 "futures",
 "linux-embedded-hal",
 "prometheus",
 "prometheus-hyper",
 "ssd1306",
 "tokio",
 "tokio-serial",
 "tokio-util",
]

[[package]]
name = "memchr"
version = "2.5.0"
source = "registry+https://github.com/rust-lang/crates.io-index"
checksum = "2dffe52ecf27772e601905b7522cb4ef790d2cc203488bbd0e2fe85fcb74566d"

[[package]]
name = "memoffset"
version = "0.6.5"
source = "registry+https://github.com/rust-lang/crates.io-index"
checksum = "5aa361d4faea93603064a027415f07bd8e1d5c88c9fbf68bf56a285428fd79ce"
dependencies = [
 "autocfg",
]

[[package]]
name = "memoffset"
version = "0.7.1"
source = "registry+https://github.com/rust-lang/crates.io-index"
checksum = "5de893c32cde5f383baa4c04c5d6dbdd735cfd4a794b0debdb2bb1b421da5ff4"
dependencies = [
 "autocfg",
]

[[package]]
name = "miniz_oxide"
version = "0.7.1"
source = "registry+https://github.com/rust-lang/crates.io-index"
checksum = "e7810e0be55b428ada41041c41f32c9f1a42817901b4ccf45fa3d4b6561e74c7"
dependencies = [
 "adler",
]

[[package]]
name = "mio"
version = "0.8.8"
source = "registry+https://github.com/rust-lang/crates.io-index"
checksum = "927a765cd3fc26206e66b296465fa9d3e5ab003e651c1b3c060e7956d96b19d2"
dependencies = [
 "libc",
 "log",
 "wasi",
 "windows-sys",
]

[[package]]
name = "mio-serial"
version = "5.0.5"
source = "registry+https://github.com/rust-lang/crates.io-index"
checksum = "20a4c60ca5c9c0e114b3bd66ff4aa5f9b2b175442be51ca6c4365d687a97a2ac"
dependencies = [
 "log",
 "mio",
 "nix 0.26.2",
 "serialport",
 "winapi",
]

[[package]]
name = "nb"
version = "0.1.3"
source = "registry+https://github.com/rust-lang/crates.io-index"
checksum = "801d31da0513b6ec5214e9bf433a77966320625a37860f910be265be6e18d06f"
dependencies = [
 "nb 1.1.0",
]

[[package]]
name = "nb"
version = "1.1.0"
source = "registry+https://github.com/rust-lang/crates.io-index"
checksum = "8d5439c4ad607c3c23abf66de8c8bf57ba8adcd1f129e699851a6e43935d339d"

[[package]]
name = "nix"
version = "0.23.2"
source = "registry+https://github.com/rust-lang/crates.io-index"
checksum = "8f3790c00a0150112de0f4cd161e3d7fc4b2d8a5542ffc35f099a2562aecb35c"
dependencies = [
 "bitflags 1.3.2",
 "cc",
 "cfg-if",
 "libc",
 "memoffset 0.6.5",
]

[[package]]
name = "nix"
version = "0.26.2"
source = "registry+https://github.com/rust-lang/crates.io-index"
checksum = "bfdda3d196821d6af13126e40375cdf7da646a96114af134d5f417a9a1dc8e1a"
dependencies = [
 "bitflags 1.3.2",
 "cfg-if",
 "libc",
 "memoffset 0.7.1",
 "pin-utils",
 "static_assertions",
]

[[package]]
name = "num_cpus"
version = "1.16.0"
source = "registry+https://github.com/rust-lang/crates.io-index"
checksum = "4161fcb6d602d4d2081af7c3a45852d875a03dd337a6bfdd6e06407b61342a43"
dependencies = [
 "hermit-abi",
 "libc",
]

[[package]]
name = "object"
version = "0.31.1"
source = "registry+https://github.com/rust-lang/crates.io-index"
checksum = "8bda667d9f2b5051b8833f59f3bf748b28ef54f850f4fcb389a252aa383866d1"
dependencies = [
 "memchr",
]

[[package]]
name = "once_cell"
version = "1.18.0"
source = "registry+https://github.com/rust-lang/crates.io-index"
checksum = "dd8b5dd2ae5ed71462c540258bedcb51965123ad7e7ccf4b9a8cafaa4a63576d"

[[package]]
name = "parking_lot"
version = "0.12.1"
source = "registry+https://github.com/rust-lang/crates.io-index"
checksum = "3742b2c103b9f06bc9fff0a37ff4912935851bee6d36f3c02bcc755bcfec228f"
dependencies = [
 "lock_api",
 "parking_lot_core",
]

[[package]]
name = "parking_lot_core"
version = "0.9.8"
source = "registry+https://github.com/rust-lang/crates.io-index"
checksum = "93f00c865fe7cabf650081affecd3871070f26767e7b2070a3ffae14c654b447"
dependencies = [
 "cfg-if",
 "libc",
 "redox_syscall",
 "smallvec",
 "windows-targets",
]

[[package]]
name = "pin-project-lite"
version = "0.2.10"
source = "registry+https://github.com/rust-lang/crates.io-index"
checksum = "4c40d25201921e5ff0c862a505c6557ea88568a4e3ace775ab55e93f2f4f9d57"

[[package]]
name = "pin-utils"
version = "0.1.0"
source = "registry+https://github.com/rust-lang/crates.io-index"
checksum = "8b870d8c151b6f2fb93e84a13146138f05d02ed11c7e7c54f8826aaaf7c9f184"

[[package]]
name = "proc-macro2"
version = "1.0.66"
source = "registry+https://github.com/rust-lang/crates.io-index"
checksum = "18fb31db3f9bddb2ea821cde30a9f70117e3f119938b5ee630b7403aa6e2ead9"
dependencies = [
 "unicode-ident",
]

[[package]]
name = "prometheus"
version = "0.13.3"
source = "registry+https://github.com/rust-lang/crates.io-index"
checksum = "449811d15fbdf5ceb5c1144416066429cf82316e2ec8ce0c1f6f8a02e7bbcf8c"
dependencies = [
 "cfg-if",
 "fnv",
 "lazy_static",
 "memchr",
 "parking_lot",
 "protobuf",
 "thiserror",
]

[[package]]
name = "prometheus-hyper"
version = "0.1.5"
source = "registry+https://github.com/rust-lang/crates.io-index"
checksum = "18fc98d5705a20b11f8b240c0857167b79852ba469f9faec6df0027e576e676e"
dependencies = [
 "hyper",
 "prometheus",
 "tokio",
 "tracing",
]

[[package]]
name = "protobuf"
version = "2.28.0"
source = "registry+https://github.com/rust-lang/crates.io-index"
checksum = "106dd99e98437432fed6519dedecfade6a06a73bb7b2a1e019fdd2bee5778d94"

[[package]]
name = "quote"
version = "1.0.31"
source = "registry+https://github.com/rust-lang/crates.io-index"
checksum = "5fe8a65d69dd0808184ebb5f836ab526bb259db23c657efa38711b1072ee47f0"
dependencies = [
 "proc-macro2",
]

[[package]]
name = "redox_syscall"
version = "0.3.5"
source = "registry+https://github.com/rust-lang/crates.io-index"
checksum = "567664f262709473930a4bf9e51bf2ebf3348f2e748ccc50dea20646858f8f29"
dependencies = [
 "bitflags 1.3.2",
]

[[package]]
name = "regex"
version = "1.9.1"
source = "registry+https://github.com/rust-lang/crates.io-index"
checksum = "b2eae68fc220f7cf2532e4494aded17545fce192d59cd996e0fe7887f4ceb575"
dependencies = [
 "aho-corasick",
 "memchr",
 "regex-automata",
 "regex-syntax",
]

[[package]]
name = "regex-automata"
version = "0.3.3"
source = "registry+https://github.com/rust-lang/crates.io-index"
checksum = "39354c10dd07468c2e73926b23bb9c2caca74c5501e38a35da70406f1d923310"
dependencies = [
 "aho-corasick",
 "memchr",
 "regex-syntax",
]

[[package]]
name = "regex-syntax"
version = "0.7.4"
source = "registry+https://github.com/rust-lang/crates.io-index"
checksum = "e5ea92a5b6195c6ef2a0295ea818b312502c6fc94dde986c5553242e18fd4ce2"

[[package]]
name = "rustc-demangle"
version = "0.1.23"
source = "registry+https://github.com/rust-lang/crates.io-index"
checksum = "d626bb9dae77e28219937af045c257c28bfd3f69333c512553507f5f9798cb76"

[[package]]
name = "scopeguard"
version = "1.2.0"
source = "registry+https://github.com/rust-lang/crates.io-index"
checksum = "94143f37725109f92c262ed2cf5e59bce7498c01bcc1502d7b9afe439a4e9f49"

[[package]]
name = "serial-core"
version = "0.4.0"
source = "registry+https://github.com/rust-lang/crates.io-index"
checksum = "3f46209b345401737ae2125fe5b19a77acce90cd53e1658cda928e4fe9a64581"
dependencies = [
 "libc",
]

[[package]]
name = "serial-unix"
version = "0.4.0"
source = "registry+https://github.com/rust-lang/crates.io-index"
checksum = "f03fbca4c9d866e24a459cbca71283f545a37f8e3e002ad8c70593871453cab7"
dependencies = [
 "ioctl-rs",
 "libc",
 "serial-core",
 "termios",
]

[[package]]
name = "serialport"
version = "4.2.1"
source = "registry+https://github.com/rust-lang/crates.io-index"
checksum = "353dc2cbfc67c9a14a89a1292a9d8e819bd51066b083e08c1974ba08e3f48c62"
dependencies = [
 "CoreFoundation-sys",
 "IOKit-sys",
 "bitflags 2.0.2",
 "cfg-if",
 "mach2",
 "nix 0.26.2",
 "regex",
 "scopeguard",
 "winapi",
]

[[package]]
name = "signal-hook-registry"
version = "1.4.1"
source = "registry+https://github.com/rust-lang/crates.io-index"
checksum = "d8229b473baa5980ac72ef434c4415e70c4b5e71b423043adb4ba059f89c99a1"
dependencies = [
 "libc",
]

[[package]]
name = "slab"
version = "0.4.8"
source = "registry+https://github.com/rust-lang/crates.io-index"
checksum = "6528351c9bc8ab22353f9d776db39a20288e8d6c37ef8cfe3317cf875eecfc2d"
dependencies = [
 "autocfg",
]

[[package]]
name = "smallvec"
version = "1.11.0"
source = "registry+https://github.com/rust-lang/crates.io-index"
checksum = "62bb4feee49fdd9f707ef802e22365a35de4b7b299de4763d44bfea899442ff9"

[[package]]
name = "socket2"
version = "0.4.9"
source = "registry+https://github.com/rust-lang/crates.io-index"
checksum = "64a4a911eed85daf18834cfaa86a79b7d266ff93ff5ba14005426219480ed662"
dependencies = [
 "libc",
 "winapi",
]

[[package]]
name = "spidev"
version = "0.5.1"
source = "registry+https://github.com/rust-lang/crates.io-index"
checksum = "5c43e891adf1abc1e09b10f80c8d91959ee20ec28425c6dadac78844ba4c709f"
dependencies = [
 "bitflags 1.3.2",
 "libc",
 "nix 0.23.2",
]

[[package]]
name = "ssd1306"
version = "0.4.1"
source = "registry+https://github.com/rust-lang/crates.io-index"
checksum = "a1f816b211e221a50811ca9607d0f0e4ae6021304b0902db79b417ee610f5739"
dependencies = [
 "display-interface",
 "display-interface-i2c",
 "display-interface-spi",
 "embedded-graphics",
 "embedded-hal",
 "generic-array",
]

[[package]]
name = "static_assertions"
version = "1.1.0"
source = "registry+https://github.com/rust-lang/crates.io-index"
checksum = "a2eb9349b6444b326872e140eb1cf5e7c522154d69e7a0ffb0fb81c06b37543f"

[[package]]
name = "syn"
version = "2.0.26"
source = "registry+https://github.com/rust-lang/crates.io-index"
checksum = "45c3457aacde3c65315de5031ec191ce46604304d2446e803d71ade03308d970"
dependencies = [
 "proc-macro2",
 "quote",
 "unicode-ident",
]

[[package]]
name = "sysfs_gpio"
version = "0.6.1"
source = "registry+https://github.com/rust-lang/crates.io-index"
checksum = "9ef9c9bcbfeb596ce4da59b2c59736235f35dcd516f03958ea10834473224157"
dependencies = [
 "nix 0.23.2",
]

[[package]]
name = "termios"
version = "0.2.2"
source = "registry+https://github.com/rust-lang/crates.io-index"
checksum = "d5d9cf598a6d7ce700a4e6a9199da127e6819a61e64b68609683cc9a01b5683a"
dependencies = [
 "libc",
]

[[package]]
name = "thiserror"
version = "1.0.43"
source = "registry+https://github.com/rust-lang/crates.io-index"
checksum = "a35fc5b8971143ca348fa6df4f024d4d55264f3468c71ad1c2f365b0a4d58c42"
dependencies = [
 "thiserror-impl",
]

[[package]]
name = "thiserror-impl"
version = "1.0.43"
source = "registry+https://github.com/rust-lang/crates.io-index"
checksum = "463fe12d7993d3b327787537ce8dd4dfa058de32fc2b195ef3cde03dc4771e8f"
dependencies = [
 "proc-macro2",
 "quote",
 "syn",
]

[[package]]
name = "tokio"
version = "1.29.1"
source = "registry+https://github.com/rust-lang/crates.io-index"
checksum = "532826ff75199d5833b9d2c5fe410f29235e25704ee5f0ef599fb51c21f4a4da"
dependencies = [
 "autocfg",
 "backtrace",
 "bytes",
 "libc",
 "mio",
 "num_cpus",
 "parking_lot",
 "pin-project-lite",
 "signal-hook-registry",
 "socket2",
 "tokio-macros",
 "windows-sys",
]

[[package]]
name = "tokio-macros"
version = "2.1.0"
source = "registry+https://github.com/rust-lang/crates.io-index"
checksum = "630bdcf245f78637c13ec01ffae6187cca34625e8c63150d424b59e55af2675e"
dependencies = [
 "proc-macro2",
 "quote",
 "syn",
]

[[package]]
name = "tokio-serial"
version = "5.4.4"
source = "registry+https://github.com/rust-lang/crates.io-index"
checksum = "aa6e2e4cf0520a99c5f87d5abb24172b5bd220de57c3181baaaa5440540c64aa"
dependencies = [
 "cfg-if",
 "futures",
 "log",
 "mio-serial",
 "tokio",
]

[[package]]
name = "tokio-util"
version = "0.7.8"
source = "registry+https://github.com/rust-lang/crates.io-index"
checksum = "806fe8c2c87eccc8b3267cbae29ed3ab2d0bd37fca70ab622e46aaa9375ddb7d"
dependencies = [
 "bytes",
 "futures-core",
 "futures-sink",
 "pin-project-lite",
 "tokio",
 "tracing",
]

[[package]]
name = "tower-service"
version = "0.3.2"
source = "registry+https://github.com/rust-lang/crates.io-index"
checksum = "b6bc1c9ce2b5135ac7f93c72918fc37feb872bdc6a5533a8b85eb4b86bfdae52"

[[package]]
name = "tracing"
version = "0.1.37"
source = "registry+https://github.com/rust-lang/crates.io-index"
checksum = "8ce8c33a8d48bd45d624a6e523445fd21ec13d3653cd51f681abf67418f54eb8"
dependencies = [
 "cfg-if",
 "pin-project-lite",
 "tracing-attributes",
 "tracing-core",
]

[[package]]
name = "tracing-attributes"
version = "0.1.26"
source = "registry+https://github.com/rust-lang/crates.io-index"
checksum = "5f4f31f56159e98206da9efd823404b79b6ef3143b4a7ab76e67b1751b25a4ab"
dependencies = [
 "proc-macro2",
 "quote",
 "syn",
]

[[package]]
name = "tracing-core"
version = "0.1.31"
source = "registry+https://github.com/rust-lang/crates.io-index"
checksum = "0955b8137a1df6f1a2e9a37d8a6656291ff0297c1a97c24e0d8425fe2312f79a"
dependencies = [
 "once_cell",
]

[[package]]
name = "try-lock"
version = "0.2.4"
source = "registry+https://github.com/rust-lang/crates.io-index"
checksum = "3528ecfd12c466c6f163363caf2d02a71161dd5e1cc6ae7b34207ea2d42d81ed"

[[package]]
name = "typenum"
version = "1.16.0"
source = "registry+https://github.com/rust-lang/crates.io-index"
checksum = "497961ef93d974e23eb6f433eb5fe1b7930b659f06d12dec6fc44a8f554c0bba"

[[package]]
name = "unicode-ident"
version = "1.0.11"
source = "registry+https://github.com/rust-lang/crates.io-index"
checksum = "301abaae475aa91687eb82514b328ab47a211a533026cb25fc3e519b86adfc3c"

[[package]]
name = "version_check"
version = "0.9.4"
source = "registry+https://github.com/rust-lang/crates.io-index"
checksum = "49874b5167b65d7193b8aba1567f5c7d93d001cafc34600cee003eda787e483f"

[[package]]
name = "void"
version = "1.0.2"
source = "registry+https://github.com/rust-lang/crates.io-index"
checksum = "6a02e4885ed3bc0f2de90ea6dd45ebcbb66dacffe03547fadbb0eeae2770887d"

[[package]]
name = "want"
version = "0.3.1"
source = "registry+https://github.com/rust-lang/crates.io-index"
checksum = "bfa7760aed19e106de2c7c0b581b509f2f25d3dacaf737cb82ac61bc6d760b0e"
dependencies = [
 "try-lock",
]

[[package]]
name = "wasi"
version = "0.11.0+wasi-snapshot-preview1"
source = "registry+https://github.com/rust-lang/crates.io-index"
checksum = "9c8d87e72b64a3b4db28d11ce29237c246188f4f51057d65a7eab63b7987e423"

[[package]]
name = "winapi"
version = "0.3.9"
source = "registry+https://github.com/rust-lang/crates.io-index"
checksum = "5c839a674fcd7a98952e593242ea400abe93992746761e38641405d28b00f419"
dependencies = [
 "winapi-i686-pc-windows-gnu",
 "winapi-x86_64-pc-windows-gnu",
]

[[package]]
name = "winapi-i686-pc-windows-gnu"
version = "0.4.0"
source = "registry+https://github.com/rust-lang/crates.io-index"
checksum = "ac3b87c63620426dd9b991e5ce0329eff545bccbbb34f3be09ff6fb6ab51b7b6"

[[package]]
name = "winapi-x86_64-pc-windows-gnu"
version = "0.4.0"
source = "registry+https://github.com/rust-lang/crates.io-index"
checksum = "712e227841d057c1ee1cd2fb22fa7e5a5461ae8e48fa2ca79ec42cfc1931183f"

[[package]]
name = "windows-sys"
version = "0.48.0"
source = "registry+https://github.com/rust-lang/crates.io-index"
checksum = "677d2418bec65e3338edb076e806bc1ec15693c5d0104683f2efe857f61056a9"
dependencies = [
 "windows-targets",
]

[[package]]
name = "windows-targets"
version = "0.48.1"
source = "registry+https://github.com/rust-lang/crates.io-index"
checksum = "05d4b17490f70499f20b9e791dcf6a299785ce8af4d709018206dc5b4953e95f"
dependencies = [
 "windows_aarch64_gnullvm",
 "windows_aarch64_msvc",
 "windows_i686_gnu",
 "windows_i686_msvc",
 "windows_x86_64_gnu",
 "windows_x86_64_gnullvm",
 "windows_x86_64_msvc",
]

[[package]]
name = "windows_aarch64_gnullvm"
version = "0.48.0"
source = "registry+https://github.com/rust-lang/crates.io-index"
checksum = "91ae572e1b79dba883e0d315474df7305d12f569b400fcf90581b06062f7e1bc"

[[package]]
name = "windows_aarch64_msvc"
version = "0.48.0"
source = "registry+https://github.com/rust-lang/crates.io-index"
checksum = "b2ef27e0d7bdfcfc7b868b317c1d32c641a6fe4629c171b8928c7b08d98d7cf3"

[[package]]
name = "windows_i686_gnu"
version = "0.48.0"
source = "registry+https://github.com/rust-lang/crates.io-index"
checksum = "622a1962a7db830d6fd0a69683c80a18fda201879f0f447f065a3b7467daa241"

[[package]]
name = "windows_i686_msvc"
version = "0.48.0"
source = "registry+https://github.com/rust-lang/crates.io-index"
checksum = "4542c6e364ce21bf45d69fdd2a8e455fa38d316158cfd43b3ac1c5b1b19f8e00"

[[package]]
name = "windows_x86_64_gnu"
version = "0.48.0"
source = "registry+https://github.com/rust-lang/crates.io-index"
checksum = "ca2b8a661f7628cbd23440e50b05d705db3686f894fc9580820623656af974b1"

[[package]]
name = "windows_x86_64_gnullvm"
version = "0.48.0"
source = "registry+https://github.com/rust-lang/crates.io-index"
checksum = "7896dbc1f41e08872e9d5e8f8baa8fdd2677f29468c4e156210174edc7f7b953"

[[package]]
name = "windows_x86_64_msvc"
version = "0.48.0"
source = "registry+https://github.com/rust-lang/crates.io-index"
checksum = "1a515f5799fe4961cb532f983ce2b23082366b898e52ffbce459c86f67c8378a"
